
Microsoft Visual Studio Solution File, Format Version 12.00
# Visual Studio Version 17
VisualStudioVersion = 17.8.34511.84
MinimumVisualStudioVersion = 10.0.40219.1
Project("{E24C65DC-7377-472B-9ABA-BC803B73C61A}") = "NCCS", "NCCS\", "{2231A324-FA1F-4E2C-AF7E-0A5B2D106666}"
	ProjectSection(WebsiteProperties) = preProject
		TargetFrameworkMoniker = ".NETFramework,Version%3Dv4.7.2"
		Debug.AspNetCompiler.VirtualPath = "/localhost_60687"
		Debug.AspNetCompiler.PhysicalPath = "NCCS\"
		Debug.AspNetCompiler.TargetPath = "PrecompiledWeb\localhost_60687\"
		Debug.AspNetCompiler.Updateable = "true"
		Debug.AspNetCompiler.ForceOverwrite = "true"
		Debug.AspNetCompiler.FixedNames = "false"
		Debug.AspNetCompiler.Debug = "True"
		Release.AspNetCompiler.VirtualPath = "/localhost_60687"
		Release.AspNetCompiler.PhysicalPath = "NCCS\"
		Release.AspNetCompiler.TargetPath = "PrecompiledWeb\localhost_60687\"
		Release.AspNetCompiler.Updateable = "true"
		Release.AspNetCompiler.ForceOverwrite = "true"
		Release.AspNetCompiler.FixedNames = "false"
		Release.AspNetCompiler.Debug = "False"
		VWDPort = "60687"
		SlnRelativePath = "NCCS\"
		DefaultWebSiteLanguage = "Visual C#"
	EndProjectSection
EndProject
Global
	GlobalSection(SolutionConfigurationPlatforms) = preSolution
		Debug|Any CPU = Debug|Any CPU
	EndGlobalSection
	GlobalSection(ProjectConfigurationPlatforms) = postSolution
		{2231A324-FA1F-4E2C-AF7E-0A5B2D106666}.Debug|Any CPU.ActiveCfg = Debug|Any CPU
		{2231A324-FA1F-4E2C-AF7E-0A5B2D106666}.Debug|Any CPU.Build.0 = Debug|Any CPU

